
Microsoft Visual Studio Solution File, Format Version 12.00
# Visual Studio Version 17
VisualStudioVersion = 17.4.33205.214
MinimumVisualStudioVersion = 10.0.40219.1
Project("{9A19103F-16F7-4668-BE54-9A1E7A4F7556}") = "EthioTelQuizBot", "EthioTelQuizBot\EthioTelQuizBot.csproj", "{C55EF484-5F30-4DD8-A4D2-9A47715978FF}"
EndProject
Project("{FAE04EC0-301F-11D3-BF4B-00C04F79EFBC}") = "EthioTelQuizBotBusinessLogic", "EthioTelQuizBotBusinessLogic\EthioTelQuizBotBusinessLogic.csproj", "{77745753-BB6E-4CF9-BC11-23240C4FF565}"
EndProject
Global
	GlobalSection(SolutionConfigurationPlatforms) = preSolution
		Debug|Any CPU = Debug|Any CPU
		Release|Any CPU = Release|Any CPU
	EndGlobalSection
	GlobalSection(ProjectConfigurationPlatforms) = postSolution
		{C55EF484-5F30-4DD8-A4D2-9A47715978FF}.Debug|Any CPU.ActiveCfg = Debug|Any CPU
		{C55EF484-5F30-4DD8-A4D2-9A47715978FF}.Debug|Any CPU.Build.0 = Debug|Any CPU
		{C55EF484-5F30-4DD8-A4D2-9A47715978FF}.Release|Any CPU.ActiveCfg = Release|Any CPU
		{C55EF484-5F30-4DD8-A4D2-9A47715978FF}.Release|Any CPU.Build.0 = Release|Any CPU
		{77745753-BB6E-4CF9-BC11-23240C4FF565}.Debug|Any CPU.ActiveCfg = Debug|Any CPU
		{77745753-BB6E-4CF9-BC11-23240C4FF565}.Debug|Any CPU.Build.0 = Debug|Any CPU
		{77745753-BB6E-4CF9-BC11-23240C4FF565}.Release|Any CPU.ActiveCfg = Release|Any CPU
		{77745753-BB6E-4CF9-BC11-23240C4FF565}.Release|Any CPU.Build.0 = Release|Any CPU
	EndGlobalSection
	GlobalSection(SolutionProperties) = preSolution
		HideSolutionNode = FALSE
	EndGlobalSection
	GlobalSection(ExtensibilityGlobals) = postSolution
		SolutionGuid = {F5E4EE06-F5F3-4D92-9CBB-DDC641BAA68D}
	EndGlobalSection
EndGlobal
